
Microsoft Visual Studio Solution File, Format Version 12.00
# Visual Studio Version 17
VisualStudioVersion = 17.2.32630.192
MinimumVisualStudioVersion = 10.0.40219.1
Project("{9A19103F-16F7-4668-BE54-9A1E7A4F7556}") = "R5T.F0123.Construction", "R5T.F0123.Construction\R5T.F0123.Construction.csproj", "{74B534CB-0827-46AB-BCC5-76571C03B4A6}"
EndProject
Project("{9A19103F-16F7-4668-BE54-9A1E7A4F7556}") = "R5T.F0123", "R5T.F0123\R5T.F0123.csproj", "{13B7A8F6-5A18-490B-9492-862056A6D859}"
EndProject
Project("{2150E333-8FDC-42A3-9474-1A3956D46DE8}") = "_Dependencies", "_Dependencies", "{493C3266-72D1-442D-800C-E780F5021E5F}"
EndProject
Project("{9A19103F-16F7-4668-BE54-9A1E7A4F7556}") = "R5T.F0000", "..\..\R5T.F0000\source\R5T.F0000\R5T.F0000.csproj", "{DA507FFA-D6EB-441B-8D93-5FA12573B231}"
EndProject
Project("{9A19103F-16F7-4668-BE54-9A1E7A4F7556}") = "R5T.F0002", "..\..\R5T.F0002\source\R5T.F0002\R5T.F0002.csproj", "{D1AADAC4-804E-4E23-A814-ABD3F1B79A8E}"
EndProject
Project("{9A19103F-16F7-4668-BE54-9A1E7A4F7556}") = "R5T.F0017.F002", "..\..\R5T.F0017\source\R5T.F0017.F002\R5T.F0017.F002.csproj", "{62DF0B42-F622-4288-94BD-C687EDBDA599}"
EndProject
Project("{9A19103F-16F7-4668-BE54-9A1E7A4F7556}") = "R5T.F0018", "..\..\R5T.F0018\source\R5T.F0018\R5T.F0018.csproj", "{E2659AB5-2071-4872-998E-FCD551823C37}"
EndProject
Project("{9A19103F-16F7-4668-BE54-9A1E7A4F7556}") = "R5T.F0032", "..\..\R5T.F0032\source\R5T.F0032\R5T.F0032.csproj", "{0E249AA3-737D-4141-BA2B-5689F1F34A2A}"
EndProject
Project("{9A19103F-16F7-4668-BE54-9A1E7A4F7556}") = "R5T.F0059", "..\..\R5T.F0059\source\R5T.F0059\R5T.F0059.csproj", "{675A4E24-8362-451C-8C77-617D9DE84348}"
EndProject
Project("{9A19103F-16F7-4668-BE54-9A1E7A4F7556}") = "R5T.F0099.T000", "..\..\R5T.F0099\source\R5T.F0099.T000\R5T.F0099.T000.csproj", "{53036F48-7E54-4825-872E-C3327596DB5F}"
EndProject
Project("{9A19103F-16F7-4668-BE54-9A1E7A4F7556}") = "R5T.F0109", "..\..\R5T.F0109\source\R5T.F0109\R5T.F0109.csproj", "{4CA9A597-D453-416E-8A46-AAECA2027013}"
EndProject
Project("{9A19103F-16F7-4668-BE54-9A1E7A4F7556}") = "R5T.F0120", "..\..\R5T.F0120\source\R5T.F0120\R5T.F0120.csproj", "{0B65113A-E2B1-4662-9899-C74615B4E331}"
EndProject
Project("{9A19103F-16F7-4668-BE54-9A1E7A4F7556}") = "R5T.F0121", "..\..\R5T.F0121\source\R5T.F0121\R5T.F0121.csproj", "{D7ECA990-B945-427C-AFC6-0411B7B8574B}"
EndProject
Project("{9A19103F-16F7-4668-BE54-9A1E7A4F7556}") = "R5T.F0124", "..\..\R5T.F0124\source\R5T.F0124\R5T.F0124.csproj", "{9B68A9E9-3437-4357-A79F-22909C29B5B0}"
EndProject
Project("{9A19103F-16F7-4668-BE54-9A1E7A4F7556}") = "R5T.L0030.T000", "..\..\R5T.L0030\source\R5T.L0030.T000\R5T.L0030.T000.csproj", "{6DE42590-8D19-4F57-9427-C47EECF35FAA}"
EndProject
Project("{9A19103F-16F7-4668-BE54-9A1E7A4F7556}") = "R5T.L0053", "..\..\R5T.L0053\source\R5T.L0053\R5T.L0053.csproj", "{8872DEC7-63DC-489D-B30E-42E86916FF9E}"
EndProject
Project("{9A19103F-16F7-4668-BE54-9A1E7A4F7556}") = "R5T.L0056", "..\..\R5T.L0056\source\R5T.L0056\R5T.L0056.csproj", "{9424867F-A7EC-4FDB-8DA9-175AED794E70}"
EndProject
Project("{9A19103F-16F7-4668-BE54-9A1E7A4F7556}") = "R5T.L0062.F000", "..\..\R5T.L0062\source\R5T.L0062.F000\R5T.L0062.F000.csproj", "{14EBEFCC-BF20-4E54-8B20-1C43F4CB550C}"
EndProject
Project("{9A19103F-16F7-4668-BE54-9A1E7A4F7556}") = "R5T.L0062.F001", "..\..\R5T.L0062\source\R5T.L0062.F001\R5T.L0062.F001.csproj", "{3378BC5C-2633-4B2D-BFB2-C5B34EA1DD40}"
EndProject
Project("{9A19103F-16F7-4668-BE54-9A1E7A4F7556}") = "R5T.L0062.L001", "..\..\R5T.L0062\source\R5T.L0062.L001\R5T.L0062.L001.csproj", "{42825DA0-35A4-40EF-8B48-4002723D24ED}"
EndProject
Project("{9A19103F-16F7-4668-BE54-9A1E7A4F7556}") = "R5T.L0062.T000", "..\..\R5T.L0062\source\R5T.L0062.T000\R5T.L0062.T000.csproj", "{F88A9F2B-9373-4EC6-AAB3-78027AD262DA}"
EndProject
Project("{9A19103F-16F7-4668-BE54-9A1E7A4F7556}") = "R5T.L0062.Z000", "..\..\R5T.L0062\source\R5T.L0062.Z000\R5T.L0062.Z000.csproj", "{FE0EE3D5-0DA9-4871-8504-F0F6F312EF29}"
EndProject
Project("{9A19103F-16F7-4668-BE54-9A1E7A4F7556}") = "R5T.L0063.F000", "..\..\R5T.L0063\source\R5T.L0063.F000\R5T.L0063.F000.csproj", "{8D256237-8B32-4170-AC50-B3D01A4EABA9}"
EndProject
Project("{9A19103F-16F7-4668-BE54-9A1E7A4F7556}") = "R5T.L0063.T000", "..\..\R5T.L0063\source\R5T.L0063.T000\R5T.L0063.T000.csproj", "{6E63B7A3-DF72-48BD-97E7-9D59C39BA68F}"
EndProject
Project("{9A19103F-16F7-4668-BE54-9A1E7A4F7556}") = "R5T.L0063.Z000", "..\..\R5T.L0063\source\R5T.L0063.Z000\R5T.L0063.Z000.csproj", "{5A77C34F-8C31-4635-A68F-78EA26BFBCBF}"
EndProject
Project("{9A19103F-16F7-4668-BE54-9A1E7A4F7556}") = "R5T.L0065.F000", "..\..\R5T.L0065\source\R5T.L0065.F000\R5T.L0065.F000.csproj", "{BEEB94B9-A38C-4C9B-B6D5-F30862CADF85}"
EndProject
Project("{9A19103F-16F7-4668-BE54-9A1E7A4F7556}") = "R5T.L0065.F001", "..\..\R5T.L0065\source\R5T.L0065.F001\R5T.L0065.F001.csproj", "{17D6905E-192A-421A-91C5-60418E7E9266}"
EndProject
Project("{9A19103F-16F7-4668-BE54-9A1E7A4F7556}") = "R5T.L0065.F002", "..\..\R5T.L0065\source\R5T.L0065.F002\R5T.L0065.F002.csproj", "{B192D4FD-5954-4792-B42F-CC9EC2D9F10F}"
EndProject
Project("{9A19103F-16F7-4668-BE54-9A1E7A4F7556}") = "R5T.L0065.F003", "..\..\R5T.L0065\source\R5T.L0065.F003\R5T.L0065.F003.csproj", "{D9C9F4B4-8D85-4190-9699-9A6326C79683}"
EndProject
Project("{9A19103F-16F7-4668-BE54-9A1E7A4F7556}") = "R5T.L0065.F004", "..\..\R5T.L0065\source\R5T.L0065.F004\R5T.L0065.F004.csproj", "{348653F5-07F2-4A56-9339-A5165537F210}"
EndProject
Project("{9A19103F-16F7-4668-BE54-9A1E7A4F7556}") = "R5T.L0065.T000", "..\..\R5T.L0065\source\R5T.L0065.T000\R5T.L0065.T000.csproj", "{27AD9CA0-8EA8-48D9-8502-C51532D22090}"
EndProject
Project("{9A19103F-16F7-4668-BE54-9A1E7A4F7556}") = "R5T.L0065", "..\..\R5T.L0065\source\R5T.L0065\R5T.L0065.csproj", "{A4B98D3F-C5A0-46E4-AF33-804CE5A391AB}"
EndProject
Project("{9A19103F-16F7-4668-BE54-9A1E7A4F7556}") = "R5T.L0066", "..\..\R5T.L0066\source\R5T.L0066\R5T.L0066.csproj", "{26AC7094-5CDE-402A-817A-54FCCA0A99D1}"
EndProject
Project("{9A19103F-16F7-4668-BE54-9A1E7A4F7556}") = "R5T.L0071", "..\..\R5T.L0071\source\R5T.L0071\R5T.L0071.csproj", "{D9765F94-C61E-462D-B4FE-BF41611EBE40}"
EndProject
Project("{9A19103F-16F7-4668-BE54-9A1E7A4F7556}") = "R5T.L0074", "..\..\R5T.L0074\source\R5T.L0074\R5T.L0074.csproj", "{1A3CA17E-AF43-4397-B737-CB8B43A138BB}"
EndProject
Project("{9A19103F-16F7-4668-BE54-9A1E7A4F7556}") = "R5T.L0089.F000", "..\..\R5T.L0089\source\R5T.L0089.F000\R5T.L0089.F000.csproj", "{0045F1D3-5D22-4635-889F-61F383137B88}"
EndProject
Project("{9A19103F-16F7-4668-BE54-9A1E7A4F7556}") = "R5T.L0089.T000", "..\..\R5T.L0089\source\R5T.L0089.T000\R5T.L0089.T000.csproj", "{1B0CBEF2-6C99-4C82-B897-90C01D483E5E}"
EndProject
Project("{9A19103F-16F7-4668-BE54-9A1E7A4F7556}") = "R5T.L0089", "..\..\R5T.L0089\source\R5T.L0089\R5T.L0089.csproj", "{719B8359-697A-4395-BAA5-2CDD8DA3A989}"
EndProject
Project("{9A19103F-16F7-4668-BE54-9A1E7A4F7556}") = "R5T.NG0006", "..\..\R5T.NG0006\source\R5T.NG0006\R5T.NG0006.csproj", "{76C85250-C3C7-4A6D-BC0B-039FD45E42C5}"
EndProject
Project("{9A19103F-16F7-4668-BE54-9A1E7A4F7556}") = "R5T.NG0008", "..\..\R5T.NG0008\source\R5T.NG0008\R5T.NG0008.csproj", "{5900742F-B3B2-40E6-9F13-DF0EE8D44162}"
EndProject
Project("{9A19103F-16F7-4668-BE54-9A1E7A4F7556}") = "R5T.NG0010", "..\..\R5T.NG0010\source\R5T.NG0010\R5T.NG0010.csproj", "{30DCC021-3A8F-4310-A63A-188BA325766F}"
EndProject
Project("{9A19103F-16F7-4668-BE54-9A1E7A4F7556}") = "R5T.NG0022", "..\..\R5T.NG0022\source\R5T.NG0022\R5T.NG0022.csproj", "{4F2D6944-B110-4511-9C78-0DDEA17C8C81}"
EndProject
Project("{9A19103F-16F7-4668-BE54-9A1E7A4F7556}") = "R5T.T0131", "..\..\R5T.T0131\source\R5T.T0131\R5T.T0131.csproj", "{1DD5CD0B-ECD6-4118-87BC-46F89320E67B}"
EndProject
Project("{9A19103F-16F7-4668-BE54-9A1E7A4F7556}") = "R5T.T0132", "..\..\R5T.T0132\source\R5T.T0132\R5T.T0132.csproj", "{2BF89C64-53A3-4E06-84A5-5DDCC3956C84}"
EndProject
Project("{9A19103F-16F7-4668-BE54-9A1E7A4F7556}") = "R5T.T0142", "..\..\R5T.T0142\source\R5T.T0142\R5T.T0142.csproj", "{2D6FA12C-1FD9-499D-A599-74D751E9A990}"
EndProject
Project("{9A19103F-16F7-4668-BE54-9A1E7A4F7556}") = "R5T.T0143", "..\..\R5T.T0143\source\R5T.T0143\R5T.T0143.csproj", "{B3F9E280-2F05-4184-8177-B3C9DC114A87}"
EndProject
Project("{9A19103F-16F7-4668-BE54-9A1E7A4F7556}") = "R5T.T0150", "..\..\R5T.T0150\source\R5T.T0150\R5T.T0150.csproj", "{B8AA86BC-CF5C-403E-A906-8CC344A835B3}"
EndProject
Project("{9A19103F-16F7-4668-BE54-9A1E7A4F7556}") = "R5T.T0151", "..\..\R5T.T0151\source\R5T.T0151\R5T.T0151.csproj", "{8203F30F-B661-4719-913F-D1AB3C766150}"
EndProject
Project("{9A19103F-16F7-4668-BE54-9A1E7A4F7556}") = "R5T.T0156", "..\..\R5T.T0156\source\R5T.T0156\R5T.T0156.csproj", "{5DF6A292-EB95-4494-B7BC-79F7191E6AE9}"
EndProject
Project("{9A19103F-16F7-4668-BE54-9A1E7A4F7556}") = "R5T.T0158", "..\..\R5T.T0158\source\R5T.T0158\R5T.T0158.csproj", "{3BA856AB-FDA4-44DA-BD7C-0FD368EDFA2B}"
EndProject
Project("{9A19103F-16F7-4668-BE54-9A1E7A4F7556}") = "R5T.T0159", "..\..\R5T.T0159\source\R5T.T0159\R5T.T0159.csproj", "{02B12976-EF54-41B5-A4B5-935B3FE57D8F}"
EndProject
Project("{9A19103F-16F7-4668-BE54-9A1E7A4F7556}") = "R5T.T0161", "..\..\R5T.T0161\source\R5T.T0161\R5T.T0161.csproj", "{3FEE7893-8526-4847-9912-867A9CBC0632}"
EndProject
Project("{9A19103F-16F7-4668-BE54-9A1E7A4F7556}") = "R5T.T0162", "..\..\R5T.T0162\source\R5T.T0162\R5T.T0162.csproj", "{650CC980-FE29-4F8A-9991-A95DF6DE5B1E}"
EndProject
Project("{9A19103F-16F7-4668-BE54-9A1E7A4F7556}") = "R5T.T0169", "..\..\R5T.T0169\source\R5T.T0169\R5T.T0169.csproj", "{8EC63B0B-BC89-4EFD-AA55-5EAFDB0CE0B2}"
EndProject
Project("{9A19103F-16F7-4668-BE54-9A1E7A4F7556}") = "R5T.T0170", "..\..\R5T.T0170\source\R5T.T0170\R5T.T0170.csproj", "{62C3EFBA-5051-4B55-ABEF-B0F2372BF423}"
EndProject
Project("{9A19103F-16F7-4668-BE54-9A1E7A4F7556}") = "R5T.T0171", "..\..\R5T.T0171\source\R5T.T0171\R5T.T0171.csproj", "{677C9FB4-A509-4755-ABE3-E30D3A97CBB9}"
EndProject
Project("{9A19103F-16F7-4668-BE54-9A1E7A4F7556}") = "R5T.T0172", "..\..\R5T.T0172\source\R5T.T0172\R5T.T0172.csproj", "{8566EBC9-907F-4784-93DB-2537DFF6A6EF}"
EndProject
Project("{9A19103F-16F7-4668-BE54-9A1E7A4F7556}") = "R5T.T0173", "..\..\R5T.T0173\source\R5T.T0173\R5T.T0173.csproj", "{459EE120-8ADF-47C4-9188-503BFEF2E3CC}"
EndProject
Project("{9A19103F-16F7-4668-BE54-9A1E7A4F7556}") = "R5T.T0174", "..\..\R5T.T0174\source\R5T.T0174\R5T.T0174.csproj", "{C857C99B-F29D-418D-92A1-7AE1B806FDFC}"
EndProject
Project("{9A19103F-16F7-4668-BE54-9A1E7A4F7556}") = "R5T.T0176", "..\..\R5T.T0176\source\R5T.T0176\R5T.T0176.csproj", "{A0841188-1498-4D46-9E07-832D64F305E2}"
EndProject
Project("{9A19103F-16F7-4668-BE54-9A1E7A4F7556}") = "R5T.T0177", "..\..\R5T.T0177\source\R5T.T0177\R5T.T0177.csproj", "{9920AD09-8FFF-4DF4-9DCB-C71F428CDE8D}"
EndProject
Project("{9A19103F-16F7-4668-BE54-9A1E7A4F7556}") = "R5T.T0178", "..\..\R5T.T0178\source\R5T.T0178\R5T.T0178.csproj", "{6CF8990E-9301-4F52-97D4-3F790B33337E}"
EndProject
Project("{9A19103F-16F7-4668-BE54-9A1E7A4F7556}") = "R5T.T0179", "..\..\R5T.T0179\source\R5T.T0179\R5T.T0179.csproj", "{F742AD55-079E-445B-947B-A475913EFA68}"
EndProject
Project("{9A19103F-16F7-4668-BE54-9A1E7A4F7556}") = "R5T.T0180", "..\..\R5T.T0180\source\R5T.T0180\R5T.T0180.csproj", "{DBE5283E-70FC-41BB-ACFE-DCCBA72F25B3}"
EndProject
Project("{9A19103F-16F7-4668-BE54-9A1E7A4F7556}") = "R5T.T0181", "..\..\R5T.T0181\source\R5T.T0181\R5T.T0181.csproj", "{6CDB5E06-994E-4142-9216-75396BFE42B1}"
EndProject
Project("{9A19103F-16F7-4668-BE54-9A1E7A4F7556}") = "R5T.T0185", "..\..\R5T.T0185\source\R5T.T0185\R5T.T0185.csproj", "{3D022BAA-48C0-4D20-929C-8AF65D1371E6}"
EndProject
Project("{9A19103F-16F7-4668-BE54-9A1E7A4F7556}") = "R5T.T0199.T000", "..\..\R5T.T0199\source\R5T.T0199.T000\R5T.T0199.T000.csproj", "{DDA81D61-DE37-475D-8D0A-8E5C0427A609}"
EndProject
Project("{9A19103F-16F7-4668-BE54-9A1E7A4F7556}") = "R5T.T0199.T001", "..\..\R5T.T0199\source\R5T.T0199.T001\R5T.T0199.T001.csproj", "{78FED22D-8C48-462A-B460-BF69B983CE10}"
EndProject
Project("{9A19103F-16F7-4668-BE54-9A1E7A4F7556}") = "R5T.T0199", "..\..\R5T.T0199\source\R5T.T0199\R5T.T0199.csproj", "{CE36AF45-7134-457A-8BB7-EEDC462616BD}"
EndProject
Project("{9A19103F-16F7-4668-BE54-9A1E7A4F7556}") = "R5T.T0203", "..\..\R5T.T0203\source\R5T.T0203\R5T.T0203.csproj", "{63DA213F-D070-4AF3-BBAD-4692DA64A100}"
EndProject
Project("{9A19103F-16F7-4668-BE54-9A1E7A4F7556}") = "R5T.T0213", "..\..\R5T.T0213\source\R5T.T0213\R5T.T0213.csproj", "{9007F77F-1414-4619-9AC6-F85EC96B2450}"
EndProject
Project("{9A19103F-16F7-4668-BE54-9A1E7A4F7556}") = "R5T.T0218", "..\..\R5T.T0218\source\R5T.T0218\R5T.T0218.csproj", "{FE35B64E-CC60-440E-B086-C36957F7D012}"
EndProject
Project("{9A19103F-16F7-4668-BE54-9A1E7A4F7556}") = "R5T.T0219", "..\..\R5T.T0219\source\R5T.T0219\R5T.T0219.csproj", "{0044B34B-BC2D-4996-92DE-FA36AC61130C}"
EndProject
Project("{9A19103F-16F7-4668-BE54-9A1E7A4F7556}") = "R5T.T0220", "..\..\R5T.T0220\source\R5T.T0220\R5T.T0220.csproj", "{8E8ADF32-BF8A-4480-8CFE-AFABE598685C}"
EndProject
Project("{9A19103F-16F7-4668-BE54-9A1E7A4F7556}") = "R5T.T0221", "..\..\R5T.T0221\source\R5T.T0221\R5T.T0221.csproj", "{6E5DB4F6-4298-4329-86BE-4E27F8FE295B}"
EndProject
Project("{9A19103F-16F7-4668-BE54-9A1E7A4F7556}") = "R5T.T0227", "..\..\R5T.T0227\source\R5T.T0227\R5T.T0227.csproj", "{7FD01485-4672-4E4B-B36E-EF8F45B8F918}"
EndProject
Project("{9A19103F-16F7-4668-BE54-9A1E7A4F7556}") = "R5T.Y0000", "..\..\R5T.Y0000\source\R5T.Y0000\R5T.Y0000.csproj", "{0E60F427-BA58-4FAC-9D84-7D2BAAA0C68C}"
EndProject
Project("{9A19103F-16F7-4668-BE54-9A1E7A4F7556}") = "R5T.Y0006", "..\..\R5T.Y0006\source\R5T.Y0006\R5T.Y0006.csproj", "{AB008D23-C76A-425A-BB6B-873B68D8EB2B}"
EndProject
Project("{9A19103F-16F7-4668-BE54-9A1E7A4F7556}") = "R5T.Z0000", "..\..\R5T.Z0000\source\R5T.Z0000\R5T.Z0000.csproj", "{795232F4-62B4-452E-8FE2-7757554BFBE7}"
EndProject
Project("{9A19103F-16F7-4668-BE54-9A1E7A4F7556}") = "R5T.Z0010.Platform", "..\..\R5T.Z0010\source\R5T.Z0010.Platform\R5T.Z0010.Platform.csproj", "{CDAF1B29-BA52-4C42-8037-C4C60427A052}"
EndProject
Project("{9A19103F-16F7-4668-BE54-9A1E7A4F7556}") = "R5T.Z0010", "..\..\R5T.Z0010\source\R5T.Z0010\R5T.Z0010.csproj", "{C699EF97-9096-4A30-9E9B-EC41AD89713A}"
EndProject
Project("{9A19103F-16F7-4668-BE54-9A1E7A4F7556}") = "R5T.Z0037", "..\..\R5T.Z0037\source\R5T.Z0037\R5T.Z0037.csproj", "{07B7511F-B423-4A8D-93E1-4A43CAF941E1}"
EndProject
Project("{9A19103F-16F7-4668-BE54-9A1E7A4F7556}") = "R5T.Z0057.Platform", "..\..\R5T.Z0057\source\R5T.Z0057.Platform\R5T.Z0057.Platform.csproj", "{C7F8C4E9-0B35-42A9-A501-3A0C9D18AB69}"
EndProject
Project("{9A19103F-16F7-4668-BE54-9A1E7A4F7556}") = "R5T.Z0057", "..\..\R5T.Z0057\source\R5T.Z0057\R5T.Z0057.csproj", "{72E42FBF-965B-49B9-8CB2-BFEF46372083}"
EndProject
Project("{9A19103F-16F7-4668-BE54-9A1E7A4F7556}") = "R5T.Z0058", "..\..\R5T.Z0058\source\R5T.Z0058\R5T.Z0058.csproj", "{D52497C1-2798-44A1-B0B8-B366596431BD}"
EndProject
Global
	GlobalSection(NestedProjects) = preSolution
		{DA507FFA-D6EB-441B-8D93-5FA12573B231} = {493C3266-72D1-442D-800C-E780F5021E5F}
		{D1AADAC4-804E-4E23-A814-ABD3F1B79A8E} = {493C3266-72D1-442D-800C-E780F5021E5F}
		{62DF0B42-F622-4288-94BD-C687EDBDA599} = {493C3266-72D1-442D-800C-E780F5021E5F}
		{E2659AB5-2071-4872-998E-FCD551823C37} = {493C3266-72D1-442D-800C-E780F5021E5F}
		{0E249AA3-737D-4141-BA2B-5689F1F34A2A} = {493C3266-72D1-442D-800C-E780F5021E5F}
		{675A4E24-8362-451C-8C77-617D9DE84348} = {493C3266-72D1-442D-800C-E780F5021E5F}
		{53036F48-7E54-4825-872E-C3327596DB5F} = {493C3266-72D1-442D-800C-E780F5021E5F}
		{4CA9A597-D453-416E-8A46-AAECA2027013} = {493C3266-72D1-442D-800C-E780F5021E5F}
		{0B65113A-E2B1-4662-9899-C74615B4E331} = {493C3266-72D1-442D-800C-E780F5021E5F}
		{D7ECA990-B945-427C-AFC6-0411B7B8574B} = {493C3266-72D1-442D-800C-E780F5021E5F}
		{9B68A9E9-3437-4357-A79F-22909C29B5B0} = {493C3266-72D1-442D-800C-E780F5021E5F}
		{6DE42590-8D19-4F57-9427-C47EECF35FAA} = {493C3266-72D1-442D-800C-E780F5021E5F}
		{8872DEC7-63DC-489D-B30E-42E86916FF9E} = {493C3266-72D1-442D-800C-E780F5021E5F}
		{9424867F-A7EC-4FDB-8DA9-175AED794E70} = {493C3266-72D1-442D-800C-E780F5021E5F}
		{14EBEFCC-BF20-4E54-8B20-1C43F4CB550C} = {493C3266-72D1-442D-800C-E780F5021E5F}
		{3378BC5C-2633-4B2D-BFB2-C5B34EA1DD40} = {493C3266-72D1-442D-800C-E780F5021E5F}
		{42825DA0-35A4-40EF-8B48-4002723D24ED} = {493C3266-72D1-442D-800C-E780F5021E5F}
		{F88A9F2B-9373-4EC6-AAB3-78027AD262DA} = {493C3266-72D1-442D-800C-E780F5021E5F}
		{FE0EE3D5-0DA9-4871-8504-F0F6F312EF29} = {493C3266-72D1-442D-800C-E780F5021E5F}
		{8D256237-8B32-4170-AC50-B3D01A4EABA9} = {493C3266-72D1-442D-800C-E780F5021E5F}
		{6E63B7A3-DF72-48BD-97E7-9D59C39BA68F} = {493C3266-72D1-442D-800C-E780F5021E5F}
		{5A77C34F-8C31-4635-A68F-78EA26BFBCBF} = {493C3266-72D1-442D-800C-E780F5021E5F}
		{BEEB94B9-A38C-4C9B-B6D5-F30862CADF85} = {493C3266-72D1-442D-800C-E780F5021E5F}
		{17D6905E-192A-421A-91C5-60418E7E9266} = {493C3266-72D1-442D-800C-E780F5021E5F}
		{B192D4FD-5954-4792-B42F-CC9EC2D9F10F} = {493C3266-72D1-442D-800C-E780F5021E5F}
		{D9C9F4B4-8D85-4190-9699-9A6326C79683} = {493C3266-72D1-442D-800C-E780F5021E5F}
		{348653F5-07F2-4A56-9339-A5165537F210} = {493C3266-72D1-442D-800C-E780F5021E5F}
		{27AD9CA0-8EA8-48D9-8502-C51532D22090} = {493C3266-72D1-442D-800C-E780F5021E5F}
		{A4B98D3F-C5A0-46E4-AF33-804CE5A391AB} = {493C3266-72D1-442D-800C-E780F5021E5F}
		{26AC7094-5CDE-402A-817A-54FCCA0A99D1} = {493C3266-72D1-442D-800C-E780F5021E5F}
		{D9765F94-C61E-462D-B4FE-BF41611EBE40} = {493C3266-72D1-442D-800C-E780F5021E5F}
		{1A3CA17E-AF43-4397-B737-CB8B43A138BB} = {493C3266-72D1-442D-800C-E780F5021E5F}
		{0045F1D3-5D22-4635-889F-61F383137B88} = {493C3266-72D1-442D-800C-E780F5021E5F}
		{1B0CBEF2-6C99-4C82-B897-90C01D483E5E} = {493C3266-72D1-442D-800C-E780F5021E5F}
		{719B8359-697A-4395-BAA5-2CDD8DA3A989} = {493C3266-72D1-442D-800C-E780F5021E5F}
		{76C85250-C3C7-4A6D-BC0B-039FD45E42C5} = {493C3266-72D1-442D-800C-E780F5021E5F}
		{5900742F-B3B2-40E6-9F13-DF0EE8D44162} = {493C3266-72D1-442D-800C-E780F5021E5F}
		{30DCC021-3A8F-4310-A63A-188BA325766F} = {493C3266-72D1-442D-800C-E780F5021E5F}
		{4F2D6944-B110-4511-9C78-0DDEA17C8C81} = {493C3266-72D1-442D-800C-E780F5021E5F}
		{1DD5CD0B-ECD6-4118-87BC-46F89320E67B} = {493C3266-72D1-442D-800C-E780F5021E5F}
		{2BF89C64-53A3-4E06-84A5-5DDCC3956C84} = {493C3266-72D1-442D-800C-E780F5021E5F}
		{2D6FA12C-1FD9-499D-A599-74D751E9A990} = {493C3266-72D1-442D-800C-E780F5021E5F}
		{B3F9E280-2F05-4184-8177-B3C9DC114A87} = {493C3266-72D1-442D-800C-E780F5021E5F}
		{B8AA86BC-CF5C-403E-A906-8CC344A835B3} = {493C3266-72D1-442D-800C-E780F5021E5F}
		{8203F30F-B661-4719-913F-D1AB3C766150} = {493C3266-72D1-442D-800C-E780F5021E5F}
		{5DF6A292-EB95-4494-B7BC-79F7191E6AE9} = {493C3266-72D1-442D-800C-E780F5021E5F}
		{3BA856AB-FDA4-44DA-BD7C-0FD368EDFA2B} = {493C3266-72D1-442D-800C-E780F5021E5F}
		{02B12976-EF54-41B5-A4B5-935B3FE57D8F} = {493C3266-72D1-442D-800C-E780F5021E5F}
		{3FEE7893-8526-4847-9912-867A9CBC0632} = {493C3266-72D1-442D-800C-E780F5021E5F}
		{650CC980-FE29-4F8A-9991-A95DF6DE5B1E} = {493C3266-72D1-442D-800C-E780F5021E5F}
		{8EC63B0B-BC89-4EFD-AA55-5EAFDB0CE0B2} = {493C3266-72D1-442D-800C-E780F5021E5F}
		{62C3EFBA-5051-4B55-ABEF-B0F2372BF423} = {493C3266-72D1-442D-800C-E780F5021E5F}
		{677C9FB4-A509-4755-ABE3-E30D3A97CBB9} = {493C3266-72D1-442D-800C-E780F5021E5F}
		{8566EBC9-907F-4784-93DB-2537DFF6A6EF} = {493C3266-72D1-442D-800C-E780F5021E5F}
		{459EE120-8ADF-47C4-9188-503BFEF2E3CC} = {493C3266-72D1-442D-800C-E780F5021E5F}
		{C857C99B-F29D-418D-92A1-7AE1B806FDFC} = {493C3266-72D1-442D-800C-E780F5021E5F}
		{A0841188-1498-4D46-9E07-832D64F305E2} = {493C3266-72D1-442D-800C-E780F5021E5F}
		{9920AD09-8FFF-4DF4-9DCB-C71F428CDE8D} = {493C3266-72D1-442D-800C-E780F5021E5F}
		{6CF8990E-9301-4F52-97D4-3F790B33337E} = {493C3266-72D1-442D-800C-E780F5021E5F}
		{F742AD55-079E-445B-947B-A475913EFA68} = {493C3266-72D1-442D-800C-E780F5021E5F}
		{DBE5283E-70FC-41BB-ACFE-DCCBA72F25B3} = {493C3266-72D1-442D-800C-E780F5021E5F}
		{6CDB5E06-994E-4142-9216-75396BFE42B1} = {493C3266-72D1-442D-800C-E780F5021E5F}
		{3D022BAA-48C0-4D20-929C-8AF65D1371E6} = {493C3266-72D1-442D-800C-E780F5021E5F}
		{DDA81D61-DE37-475D-8D0A-8E5C0427A609} = {493C3266-72D1-442D-800C-E780F5021E5F}
		{78FED22D-8C48-462A-B460-BF69B983CE10} = {493C3266-72D1-442D-800C-E780F5021E5F}
		{CE36AF45-7134-457A-8BB7-EEDC462616BD} = {493C3266-72D1-442D-800C-E780F5021E5F}
		{63DA213F-D070-4AF3-BBAD-4692DA64A100} = {493C3266-72D1-442D-800C-E780F5021E5F}
		{9007F77F-1414-4619-9AC6-F85EC96B2450} = {493C3266-72D1-442D-800C-E780F5021E5F}
		{FE35B64E-CC60-440E-B086-C36957F7D012} = {493C3266-72D1-442D-800C-E780F5021E5F}
		{0044B34B-BC2D-4996-92DE-FA36AC61130C} = {493C3266-72D1-442D-800C-E780F5021E5F}
		{8E8ADF32-BF8A-4480-8CFE-AFABE598685C} = {493C3266-72D1-442D-800C-E780F5021E5F}
		{6E5DB4F6-4298-4329-86BE-4E27F8FE295B} = {493C3266-72D1-442D-800C-E780F5021E5F}
		{7FD01485-4672-4E4B-B36E-EF8F45B8F918} = {493C3266-72D1-442D-800C-E780F5021E5F}
		{0E60F427-BA58-4FAC-9D84-7D2BAAA0C68C} = {493C3266-72D1-442D-800C-E780F5021E5F}
		{AB008D23-C76A-425A-BB6B-873B68D8EB2B} = {493C3266-72D1-442D-800C-E780F5021E5F}
		{795232F4-62B4-452E-8FE2-7757554BFBE7} = {493C3266-72D1-442D-800C-E780F5021E5F}
		{CDAF1B29-BA52-4C42-8037-C4C60427A052} = {493C3266-72D1-442D-800C-E780F5021E5F}
		{C699EF97-9096-4A30-9E9B-EC41AD89713A} = {493C3266-72D1-442D-800C-E780F5021E5F}
		{07B7511F-B423-4A8D-93E1-4A43CAF941E1} = {493C3266-72D1-442D-800C-E780F5021E5F}
		{C7F8C4E9-0B35-42A9-A501-3A0C9D18AB69} = {493C3266-72D1-442D-800C-E780F5021E5F}
		{72E42FBF-965B-49B9-8CB2-BFEF46372083} = {493C3266-72D1-442D-800C-E780F5021E5F}
		{D52497C1-2798-44A1-B0B8-B366596431BD} = {493C3266-72D1-442D-800C-E780F5021E5F}
	EndGlobalSection
	GlobalSection(SolutionConfigurationPlatforms) = preSolution
		Debug|Any CPU = Debug|Any CPU
		Release|Any CPU = Release|Any CPU
	EndGlobalSection
	GlobalSection(ProjectConfigurationPlatforms) = postSolution
		{74B534CB-0827-46AB-BCC5-76571C03B4A6}.Debug|Any CPU.ActiveCfg = Debug|Any CPU
		{74B534CB-0827-46AB-BCC5-76571C03B4A6}.Debug|Any CPU.Build.0 = Debug|Any CPU
		{74B534CB-0827-46AB-BCC5-76571C03B4A6}.Release|Any CPU.ActiveCfg = Release|Any CPU
		{74B534CB-0827-46AB-BCC5-76571C03B4A6}.Release|Any CPU.Build.0 = Release|Any CPU
		{13B7A8F6-5A18-490B-9492-862056A6D859}.Debug|Any CPU.ActiveCfg = Debug|Any CPU
		{13B7A8F6-5A18-490B-9492-862056A6D859}.Debug|Any CPU.Build.0 = Debug|Any CPU
		{13B7A8F6-5A18-490B-9492-862056A6D859}.Release|Any CPU.ActiveCfg = Release|Any CPU
		{13B7A8F6-5A18-490B-9492-862056A6D859}.Release|Any CPU.Build.0 = Release|Any CPU
		{DA507FFA-D6EB-441B-8D93-5FA12573B231}.Debug|Any CPU.ActiveCfg = Debug|Any CPU
		{DA507FFA-D6EB-441B-8D93-5FA12573B231}.Debug|Any CPU.Build.0 = Debug|Any CPU
		{DA507FFA-D6EB-441B-8D93-5FA12573B231}.Release|Any CPU.ActiveCfg = Release|Any CPU
		{DA507FFA-D6EB-441B-8D93-5FA12573B231}.Release|Any CPU.Build.0 = Release|Any CPU
		{D1AADAC4-804E-4E23-A814-ABD3F1B79A8E}.Debug|Any CPU.ActiveCfg = Debug|Any CPU
		{D1AADAC4-804E-4E23-A814-ABD3F1B79A8E}.Debug|Any CPU.Build.0 = Debug|Any CPU
		{D1AADAC4-804E-4E23-A814-ABD3F1B79A8E}.Release|Any CPU.ActiveCfg = Release|Any CPU
		{D1AADAC4-804E-4E23-A814-ABD3F1B79A8E}.Release|Any CPU.Build.0 = Release|Any CPU
		{62DF0B42-F622-4288-94BD-C687EDBDA599}.Debug|Any CPU.ActiveCfg = Debug|Any CPU
		{62DF0B42-F622-4288-94BD-C687EDBDA599}.Debug|Any CPU.Build.0 = Debug|Any CPU
		{62DF0B42-F622-4288-94BD-C687EDBDA599}.Release|Any CPU.ActiveCfg = Release|Any CPU
		{62DF0B42-F622-4288-94BD-C687EDBDA599}.Release|Any CPU.Build.0 = Release|Any CPU
		{E2659AB5-2071-4872-998E-FCD551823C37}.Debug|Any CPU.ActiveCfg = Debug|Any CPU
		{E2659AB5-2071-4872-998E-FCD551823C37}.Debug|Any CPU.Build.0 = Debug|Any CPU
		{E2659AB5-2071-4872-998E-FCD551823C37}.Release|Any CPU.ActiveCfg = Release|Any CPU
		{E2659AB5-2071-4872-998E-FCD551823C37}.Release|Any CPU.Build.0 = Release|Any CPU
		{0E249AA3-737D-4141-BA2B-5689F1F34A2A}.Debug|Any CPU.ActiveCfg = Debug|Any CPU
		{0E249AA3-737D-4141-BA2B-5689F1F34A2A}.Debug|Any CPU.Build.0 = Debug|Any CPU
		{0E249AA3-737D-4141-BA2B-5689F1F34A2A}.Release|Any CPU.ActiveCfg = Release|Any CPU
		{0E249AA3-737D-4141-BA2B-5689F1F34A2A}.Release|Any CPU.Build.0 = Release|Any CPU
		{675A4E24-8362-451C-8C77-617D9DE84348}.Debug|Any CPU.ActiveCfg = Debug|Any CPU
		{675A4E24-8362-451C-8C77-617D9DE84348}.Debug|Any CPU.Build.0 = Debug|Any CPU
		{675A4E24-8362-451C-8C77-617D9DE84348}.Release|Any CPU.ActiveCfg = Release|Any CPU
		{675A4E24-8362-451C-8C77-617D9DE84348}.Release|Any CPU.Build.0 = Release|Any CPU
		{53036F48-7E54-4825-872E-C3327596DB5F}.Debug|Any CPU.ActiveCfg = Debug|Any CPU
		{53036F48-7E54-4825-872E-C3327596DB5F}.Debug|Any CPU.Build.0 = Debug|Any CPU
		{53036F48-7E54-4825-872E-C3327596DB5F}.Release|Any CPU.ActiveCfg = Release|Any CPU
		{53036F48-7E54-4825-872E-C3327596DB5F}.Release|Any CPU.Build.0 = Release|Any CPU
		{4CA9A597-D453-416E-8A46-AAECA2027013}.Debug|Any CPU.ActiveCfg = Debug|Any CPU
		{4CA9A597-D453-416E-8A46-AAECA2027013}.Debug|Any CPU.Build.0 = Debug|Any CPU
		{4CA9A597-D453-416E-8A46-AAECA2027013}.Release|Any CPU.ActiveCfg = Release|Any CPU
		{4CA9A597-D453-416E-8A46-AAECA2027013}.Release|Any CPU.Build.0 = Release|Any CPU
		{0B65113A-E2B1-4662-9899-C74615B4E331}.Debug|Any CPU.ActiveCfg = Debug|Any CPU
		{0B65113A-E2B1-4662-9899-C74615B4E331}.Debug|Any CPU.Build.0 = Debug|Any CPU
		{0B65113A-E2B1-4662-9899-C74615B4E331}.Release|Any CPU.ActiveCfg = Release|Any CPU
		{0B65113A-E2B1-4662-9899-C74615B4E331}.Release|Any CPU.Build.0 = Release|Any CPU
		{D7ECA990-B945-427C-AFC6-0411B7B8574B}.Debug|Any CPU.ActiveCfg = Debug|Any CPU
		{D7ECA990-B945-427C-AFC6-0411B7B8574B}.Debug|Any CPU.Build.0 = Debug|Any CPU
		{D7ECA990-B945-427C-AFC6-0411B7B8574B}.Release|Any CPU.ActiveCfg = Release|Any CPU
		{D7ECA990-B945-427C-AFC6-0411B7B8574B}.Release|Any CPU.Build.0 = Release|Any CPU
		{9B68A9E9-3437-4357-A79F-22909C29B5B0}.Debug|Any CPU.ActiveCfg = Debug|Any CPU
		{9B68A9E9-3437-4357-A79F-22909C29B5B0}.Debug|Any CPU.Build.0 = Debug|Any CPU
		{9B68A9E9-3437-4357-A79F-22909C29B5B0}.Release|Any CPU.ActiveCfg = Release|Any CPU
		{9B68A9E9-3437-4357-A79F-22909C29B5B0}.Release|Any CPU.Build.0 = Release|Any CPU
		{6DE42590-8D19-4F57-9427-C47EECF35FAA}.Debug|Any CPU.ActiveCfg = Debug|Any CPU
		{6DE42590-8D19-4F57-9427-C47EECF35FAA}.Debug|Any CPU.Build.0 = Debug|Any CPU
		{6DE42590-8D19-4F57-9427-C47EECF35FAA}.Release|Any CPU.ActiveCfg = Release|Any CPU
		{6DE42590-8D19-4F57-9427-C47EECF35FAA}.Release|Any CPU.Build.0 = Release|Any CPU
		{8872DEC7-63DC-489D-B30E-42E86916FF9E}.Debug|Any CPU.ActiveCfg = Debug|Any CPU
		{8872DEC7-63DC-489D-B30E-42E86916FF9E}.Debug|Any CPU.Build.0 = Debug|Any CPU
		{8872DEC7-63DC-489D-B30E-42E86916FF9E}.Release|Any CPU.ActiveCfg = Release|Any CPU
		{8872DEC7-63DC-489D-B30E-42E86916FF9E}.Release|Any CPU.Build.0 = Release|Any CPU
		{9424867F-A7EC-4FDB-8DA9-175AED794E70}.Debug|Any CPU.ActiveCfg = Debug|Any CPU
		{9424867F-A7EC-4FDB-8DA9-175AED794E70}.Debug|Any CPU.Build.0 = Debug|Any CPU
		{9424867F-A7EC-4FDB-8DA9-175AED794E70}.Release|Any CPU.ActiveCfg = Release|Any CPU
		{9424867F-A7EC-4FDB-8DA9-175AED794E70}.Release|Any CPU.Build.0 = Release|Any CPU
		{14EBEFCC-BF20-4E54-8B20-1C43F4CB550C}.Debug|Any CPU.ActiveCfg = Debug|Any CPU
		{14EBEFCC-BF20-4E54-8B20-1C43F4CB550C}.Debug|Any CPU.Build.0 = Debug|Any CPU
		{14EBEFCC-BF20-4E54-8B20-1C43F4CB550C}.Release|Any CPU.ActiveCfg = Release|Any CPU
		{14EBEFCC-BF20-4E54-8B20-1C43F4CB550C}.Release|Any CPU.Build.0 = Release|Any CPU
		{3378BC5C-2633-4B2D-BFB2-C5B34EA1DD40}.Debug|Any CPU.ActiveCfg = Debug|Any CPU
		{3378BC5C-2633-4B2D-BFB2-C5B34EA1DD40}.Debug|Any CPU.Build.0 = Debug|Any CPU
		{3378BC5C-2633-4B2D-BFB2-C5B34EA1DD40}.Release|Any CPU.ActiveCfg = Release|Any CPU
		{3378BC5C-2633-4B2D-BFB2-C5B34EA1DD40}.Release|Any CPU.Build.0 = Release|Any CPU
		{42825DA0-35A4-40EF-8B48-4002723D24ED}.Debug|Any CPU.ActiveCfg = Debug|Any CPU
		{42825DA0-35A4-40EF-8B48-4002723D24ED}.Debug|Any CPU.Build.0 = Debug|Any CPU
		{42825DA0-35A4-40EF-8B48-4002723D24ED}.Release|Any CPU.ActiveCfg = Release|Any CPU
		{42825DA0-35A4-40EF-8B48-4002723D24ED}.Release|Any CPU.Build.0 = Release|Any CPU
		{F88A9F2B-9373-4EC6-AAB3-78027AD262DA}.Debug|Any CPU.ActiveCfg = Debug|Any CPU
		{F88A9F2B-9373-4EC6-AAB3-78027AD262DA}.Debug|Any CPU.Build.0 = Debug|Any CPU
		{F88A9F2B-9373-4EC6-AAB3-78027AD262DA}.Release|Any CPU.ActiveCfg = Release|Any CPU
		{F88A9F2B-9373-4EC6-AAB3-78027AD262DA}.Release|Any CPU.Build.0 = Release|Any CPU
		{FE0EE3D5-0DA9-4871-8504-F0F6F312EF29}.Debug|Any CPU.ActiveCfg = Debug|Any CPU
		{FE0EE3D5-0DA9-4871-8504-F0F6F312EF29}.Debug|Any CPU.Build.0 = Debug|Any CPU
		{FE0EE3D5-0DA9-4871-8504-F0F6F312EF29}.Release|Any CPU.ActiveCfg = Release|Any CPU
		{FE0EE3D5-0DA9-4871-8504-F0F6F312EF29}.Release|Any CPU.Build.0 = Release|Any CPU
		{8D256237-8B32-4170-AC50-B3D01A4EABA9}.Debug|Any CPU.ActiveCfg = Debug|Any CPU
		{8D256237-8B32-4170-AC50-B3D01A4EABA9}.Debug|Any CPU.Build.0 = Debug|Any CPU
		{8D256237-8B32-4170-AC50-B3D01A4EABA9}.Release|Any CPU.ActiveCfg = Release|Any CPU
		{8D256237-8B32-4170-AC50-B3D01A4EABA9}.Release|Any CPU.Build.0 = Release|Any CPU
		{6E63B7A3-DF72-48BD-97E7-9D59C39BA68F}.Debug|Any CPU.ActiveCfg = Debug|Any CPU
		{6E63B7A3-DF72-48BD-97E7-9D59C39BA68F}.Debug|Any CPU.Build.0 = Debug|Any CPU
		{6E63B7A3-DF72-48BD-97E7-9D59C39BA68F}.Release|Any CPU.ActiveCfg = Release|Any CPU
		{6E63B7A3-DF72-48BD-97E7-9D59C39BA68F}.Release|Any CPU.Build.0 = Release|Any CPU
		{5A77C34F-8C31-4635-A68F-78EA26BFBCBF}.Debug|Any CPU.ActiveCfg = Debug|Any CPU
		{5A77C34F-8C31-4635-A68F-78EA26BFBCBF}.Debug|Any CPU.Build.0 = Debug|Any CPU
		{5A77C34F-8C31-4635-A68F-78EA26BFBCBF}.Release|Any CPU.ActiveCfg = Release|Any CPU
		{5A77C34F-8C31-4635-A68F-78EA26BFBCBF}.Release|Any CPU.Build.0 = Release|Any CPU
		{BEEB94B9-A38C-4C9B-B6D5-F30862CADF85}.Debug|Any CPU.ActiveCfg = Debug|Any CPU
		{BEEB94B9-A38C-4C9B-B6D5-F30862CADF85}.Debug|Any CPU.Build.0 = Debug|Any CPU
		{BEEB94B9-A38C-4C9B-B6D5-F30862CADF85}.Release|Any CPU.ActiveCfg = Release|Any CPU
		{BEEB94B9-A38C-4C9B-B6D5-F30862CADF85}.Release|Any CPU.Build.0 = Release|Any CPU
		{17D6905E-192A-421A-91C5-60418E7E9266}.Debug|Any CPU.ActiveCfg = Debug|Any CPU
		{17D6905E-192A-421A-91C5-60418E7E9266}.Debug|Any CPU.Build.0 = Debug|Any CPU
		{17D6905E-192A-421A-91C5-60418E7E9266}.Release|Any CPU.ActiveCfg = Release|Any CPU
		{17D6905E-192A-421A-91C5-60418E7E9266}.Release|Any CPU.Build.0 = Release|Any CPU
		{B192D4FD-5954-4792-B42F-CC9EC2D9F10F}.Debug|Any CPU.ActiveCfg = Debug|Any CPU
		{B192D4FD-5954-4792-B42F-CC9EC2D9F10F}.Debug|Any CPU.Build.0 = Debug|Any CPU
		{B192D4FD-5954-4792-B42F-CC9EC2D9F10F}.Release|Any CPU.ActiveCfg = Release|Any CPU
		{B192D4FD-5954-4792-B42F-CC9EC2D9F10F}.Release|Any CPU.Build.0 = Release|Any CPU
		{D9C9F4B4-8D85-4190-9699-9A6326C79683}.Debug|Any CPU.ActiveCfg = Debug|Any CPU
		{D9C9F4B4-8D85-4190-9699-9A6326C79683}.Debug|Any CPU.Build.0 = Debug|Any CPU
		{D9C9F4B4-8D85-4190-9699-9A6326C79683}.Release|Any CPU.ActiveCfg = Release|Any CPU
		{D9C9F4B4-8D85-4190-9699-9A6326C79683}.Release|Any CPU.Build.0 = Release|Any CPU
		{348653F5-07F2-4A56-9339-A5165537F210}.Debug|Any CPU.ActiveCfg = Debug|Any CPU
		{348653F5-07F2-4A56-9339-A5165537F210}.Debug|Any CPU.Build.0 = Debug|Any CPU
		{348653F5-07F2-4A56-9339-A5165537F210}.Release|Any CPU.ActiveCfg = Release|Any CPU
		{348653F5-07F2-4A56-9339-A5165537F210}.Release|Any CPU.Build.0 = Release|Any CPU
		{27AD9CA0-8EA8-48D9-8502-C51532D22090}.Debug|Any CPU.ActiveCfg = Debug|Any CPU
		{27AD9CA0-8EA8-48D9-8502-C51532D22090}.Debug|Any CPU.Build.0 = Debug|Any CPU
		{27AD9CA0-8EA8-48D9-8502-C51532D22090}.Release|Any CPU.ActiveCfg = Release|Any CPU
		{27AD9CA0-8EA8-48D9-8502-C51532D22090}.Release|Any CPU.Build.0 = Release|Any CPU
		{A4B98D3F-C5A0-46E4-AF33-804CE5A391AB}.Debug|Any CPU.ActiveCfg = Debug|Any CPU
		{A4B98D3F-C5A0-46E4-AF33-804CE5A391AB}.Debug|Any CPU.Build.0 = Debug|Any CPU
		{A4B98D3F-C5A0-46E4-AF33-804CE5A391AB}.Release|Any CPU.ActiveCfg = Release|Any CPU
		{A4B98D3F-C5A0-46E4-AF33-804CE5A391AB}.Release|Any CPU.Build.0 = Release|Any CPU
		{26AC7094-5CDE-402A-817A-54FCCA0A99D1}.Debug|Any CPU.ActiveCfg = Debug|Any CPU
		{26AC7094-5CDE-402A-817A-54FCCA0A99D1}.Debug|Any CPU.Build.0 = Debug|Any CPU
		{26AC7094-5CDE-402A-817A-54FCCA0A99D1}.Release|Any CPU.ActiveCfg = Release|Any CPU
		{26AC7094-5CDE-402A-817A-54FCCA0A99D1}.Release|Any CPU.Build.0 = Release|Any CPU
		{D9765F94-C61E-462D-B4FE-BF41611EBE40}.Debug|Any CPU.ActiveCfg = Debug|Any CPU
		{D9765F94-C61E-462D-B4FE-BF41611EBE40}.Debug|Any CPU.Build.0 = Debug|Any CPU
		{D9765F94-C61E-462D-B4FE-BF41611EBE40}.Release|Any CPU.ActiveCfg = Release|Any CPU
		{D9765F94-C61E-462D-B4FE-BF41611EBE40}.Release|Any CPU.Build.0 = Release|Any CPU
		{1A3CA17E-AF43-4397-B737-CB8B43A138BB}.Debug|Any CPU.ActiveCfg = Debug|Any CPU
		{1A3CA17E-AF43-4397-B737-CB8B43A138BB}.Debug|Any CPU.Build.0 = Debug|Any CPU
		{1A3CA17E-AF43-4397-B737-CB8B43A138BB}.Release|Any CPU.ActiveCfg = Release|Any CPU
		{1A3CA17E-AF43-4397-B737-CB8B43A138BB}.Release|Any CPU.Build.0 = Release|Any CPU
		{0045F1D3-5D22-4635-889F-61F383137B88}.Debug|Any CPU.ActiveCfg = Debug|Any CPU
		{0045F1D3-5D22-4635-889F-61F383137B88}.Debug|Any CPU.Build.0 = Debug|Any CPU
		{0045F1D3-5D22-4635-889F-61F383137B88}.Release|Any CPU.ActiveCfg = Release|Any CPU
		{0045F1D3-5D22-4635-889F-61F383137B88}.Release|Any CPU.Build.0 = Release|Any CPU
		{1B0CBEF2-6C99-4C82-B897-90C01D483E5E}.Debug|Any CPU.ActiveCfg = Debug|Any CPU
		{1B0CBEF2-6C99-4C82-B897-90C01D483E5E}.Debug|Any CPU.Build.0 = Debug|Any CPU
		{1B0CBEF2-6C99-4C82-B897-90C01D483E5E}.Release|Any CPU.ActiveCfg = Release|Any CPU
		{1B0CBEF2-6C99-4C82-B897-90C01D483E5E}.Release|Any CPU.Build.0 = Release|Any CPU
		{719B8359-697A-4395-BAA5-2CDD8DA3A989}.Debug|Any CPU.ActiveCfg = Debug|Any CPU
		{719B8359-697A-4395-BAA5-2CDD8DA3A989}.Debug|Any CPU.Build.0 = Debug|Any CPU
		{719B8359-697A-4395-BAA5-2CDD8DA3A989}.Release|Any CPU.ActiveCfg = Release|Any CPU
		{719B8359-697A-4395-BAA5-2CDD8DA3A989}.Release|Any CPU.Build.0 = Release|Any CPU
		{76C85250-C3C7-4A6D-BC0B-039FD45E42C5}.Debug|Any CPU.ActiveCfg = Debug|Any CPU
		{76C85250-C3C7-4A6D-BC0B-039FD45E42C5}.Debug|Any CPU.Build.0 = Debug|Any CPU
		{76C85250-C3C7-4A6D-BC0B-039FD45E42C5}.Release|Any CPU.ActiveCfg = Release|Any CPU
		{76C85250-C3C7-4A6D-BC0B-039FD45E42C5}.Release|Any CPU.Build.0 = Release|Any CPU
		{5900742F-B3B2-40E6-9F13-DF0EE8D44162}.Debug|Any CPU.ActiveCfg = Debug|Any CPU
		{5900742F-B3B2-40E6-9F13-DF0EE8D44162}.Debug|Any CPU.Build.0 = Debug|Any CPU
		{5900742F-B3B2-40E6-9F13-DF0EE8D44162}.Release|Any CPU.ActiveCfg = Release|Any CPU
		{5900742F-B3B2-40E6-9F13-DF0EE8D44162}.Release|Any CPU.Build.0 = Release|Any CPU
		{30DCC021-3A8F-4310-A63A-188BA325766F}.Debug|Any CPU.ActiveCfg = Debug|Any CPU
		{30DCC021-3A8F-4310-A63A-188BA325766F}.Debug|Any CPU.Build.0 = Debug|Any CPU
		{30DCC021-3A8F-4310-A63A-188BA325766F}.Release|Any CPU.ActiveCfg = Release|Any CPU
		{30DCC021-3A8F-4310-A63A-188BA325766F}.Release|Any CPU.Build.0 = Release|Any CPU
		{4F2D6944-B110-4511-9C78-0DDEA17C8C81}.Debug|Any CPU.ActiveCfg = Debug|Any CPU
		{4F2D6944-B110-4511-9C78-0DDEA17C8C81}.Debug|Any CPU.Build.0 = Debug|Any CPU
		{4F2D6944-B110-4511-9C78-0DDEA17C8C81}.Release|Any CPU.ActiveCfg = Release|Any CPU
		{4F2D6944-B110-4511-9C78-0DDEA17C8C81}.Release|Any CPU.Build.0 = Release|Any CPU
		{1DD5CD0B-ECD6-4118-87BC-46F89320E67B}.Debug|Any CPU.ActiveCfg = Debug|Any CPU
		{1DD5CD0B-ECD6-4118-87BC-46F89320E67B}.Debug|Any CPU.Build.0 = Debug|Any CPU
		{1DD5CD0B-ECD6-4118-87BC-46F89320E67B}.Release|Any CPU.ActiveCfg = Release|Any CPU
		{1DD5CD0B-ECD6-4118-87BC-46F89320E67B}.Release|Any CPU.Build.0 = Release|Any CPU
		{2BF89C64-53A3-4E06-84A5-5DDCC3956C84}.Debug|Any CPU.ActiveCfg = Debug|Any CPU
		{2BF89C64-53A3-4E06-84A5-5DDCC3956C84}.Debug|Any CPU.Build.0 = Debug|Any CPU
		{2BF89C64-53A3-4E06-84A5-5DDCC3956C84}.Release|Any CPU.ActiveCfg = Release|Any CPU
		{2BF89C64-53A3-4E06-84A5-5DDCC3956C84}.Release|Any CPU.Build.0 = Release|Any CPU
		{2D6FA12C-1FD9-499D-A599-74D751E9A990}.Debug|Any CPU.ActiveCfg = Debug|Any CPU
		{2D6FA12C-1FD9-499D-A599-74D751E9A990}.Debug|Any CPU.Build.0 = Debug|Any CPU
		{2D6FA12C-1FD9-499D-A599-74D751E9A990}.Release|Any CPU.ActiveCfg = Release|Any CPU
		{2D6FA12C-1FD9-499D-A599-74D751E9A990}.Release|Any CPU.Build.0 = Release|Any CPU
		{B3F9E280-2F05-4184-8177-B3C9DC114A87}.Debug|Any CPU.ActiveCfg = Debug|Any CPU
		{B3F9E280-2F05-4184-8177-B3C9DC114A87}.Debug|Any CPU.Build.0 = Debug|Any CPU
		{B3F9E280-2F05-4184-8177-B3C9DC114A87}.Release|Any CPU.ActiveCfg = Release|Any CPU
		{B3F9E280-2F05-4184-8177-B3C9DC114A87}.Release|Any CPU.Build.0 = Release|Any CPU
		{B8AA86BC-CF5C-403E-A906-8CC344A835B3}.Debug|Any CPU.ActiveCfg = Debug|Any CPU
		{B8AA86BC-CF5C-403E-A906-8CC344A835B3}.Debug|Any CPU.Build.0 = Debug|Any CPU
		{B8AA86BC-CF5C-403E-A906-8CC344A835B3}.Release|Any CPU.ActiveCfg = Release|Any CPU
		{B8AA86BC-CF5C-403E-A906-8CC344A835B3}.Release|Any CPU.Build.0 = Release|Any CPU
		{8203F30F-B661-4719-913F-D1AB3C766150}.Debug|Any CPU.ActiveCfg = Debug|Any CPU
		{8203F30F-B661-4719-913F-D1AB3C766150}.Debug|Any CPU.Build.0 = Debug|Any CPU
		{8203F30F-B661-4719-913F-D1AB3C766150}.Release|Any CPU.ActiveCfg = Release|Any CPU
		{8203F30F-B661-4719-913F-D1AB3C766150}.Release|Any CPU.Build.0 = Release|Any CPU
		{5DF6A292-EB95-4494-B7BC-79F7191E6AE9}.Debug|Any CPU.ActiveCfg = Debug|Any CPU
		{5DF6A292-EB95-4494-B7BC-79F7191E6AE9}.Debug|Any CPU.Build.0 = Debug|Any CPU
		{5DF6A292-EB95-4494-B7BC-79F7191E6AE9}.Release|Any CPU.ActiveCfg = Release|Any CPU
		{5DF6A292-EB95-4494-B7BC-79F7191E6AE9}.Release|Any CPU.Build.0 = Release|Any CPU
		{3BA856AB-FDA4-44DA-BD7C-0FD368EDFA2B}.Debug|Any CPU.ActiveCfg = Debug|Any CPU
		{3BA856AB-FDA4-44DA-BD7C-0FD368EDFA2B}.Debug|Any CPU.Build.0 = Debug|Any CPU
		{3BA856AB-FDA4-44DA-BD7C-0FD368EDFA2B}.Release|Any CPU.ActiveCfg = Release|Any CPU
		{3BA856AB-FDA4-44DA-BD7C-0FD368EDFA2B}.Release|Any CPU.Build.0 = Release|Any CPU
		{02B12976-EF54-41B5-A4B5-935B3FE57D8F}.Debug|Any CPU.ActiveCfg = Debug|Any CPU
		{02B12976-EF54-41B5-A4B5-935B3FE57D8F}.Debug|Any CPU.Build.0 = Debug|Any CPU
		{02B12976-EF54-41B5-A4B5-935B3FE57D8F}.Release|Any CPU.ActiveCfg = Release|Any CPU
		{02B12976-EF54-41B5-A4B5-935B3FE57D8F}.Release|Any CPU.Build.0 = Release|Any CPU
		{3FEE7893-8526-4847-9912-867A9CBC0632}.Debug|Any CPU.ActiveCfg = Debug|Any CPU
		{3FEE7893-8526-4847-9912-867A9CBC0632}.Debug|Any CPU.Build.0 = Debug|Any CPU
		{3FEE7893-8526-4847-9912-867A9CBC0632}.Release|Any CPU.ActiveCfg = Release|Any CPU
		{3FEE7893-8526-4847-9912-867A9CBC0632}.Release|Any CPU.Build.0 = Release|Any CPU
		{650CC980-FE29-4F8A-9991-A95DF6DE5B1E}.Debug|Any CPU.ActiveCfg = Debug|Any CPU
		{650CC980-FE29-4F8A-9991-A95DF6DE5B1E}.Debug|Any CPU.Build.0 = Debug|Any CPU
		{650CC980-FE29-4F8A-9991-A95DF6DE5B1E}.Release|Any CPU.ActiveCfg = Release|Any CPU
		{650CC980-FE29-4F8A-9991-A95DF6DE5B1E}.Release|Any CPU.Build.0 = Release|Any CPU
		{8EC63B0B-BC89-4EFD-AA55-5EAFDB0CE0B2}.Debug|Any CPU.ActiveCfg = Debug|Any CPU
		{8EC63B0B-BC89-4EFD-AA55-5EAFDB0CE0B2}.Debug|Any CPU.Build.0 = Debug|Any CPU
		{8EC63B0B-BC89-4EFD-AA55-5EAFDB0CE0B2}.Release|Any CPU.ActiveCfg = Release|Any CPU
		{8EC63B0B-BC89-4EFD-AA55-5EAFDB0CE0B2}.Release|Any CPU.Build.0 = Release|Any CPU
		{62C3EFBA-5051-4B55-ABEF-B0F2372BF423}.Debug|Any CPU.ActiveCfg = Debug|Any CPU
		{62C3EFBA-5051-4B55-ABEF-B0F2372BF423}.Debug|Any CPU.Build.0 = Debug|Any CPU
		{62C3EFBA-5051-4B55-ABEF-B0F2372BF423}.Release|Any CPU.ActiveCfg = Release|Any CPU
		{62C3EFBA-5051-4B55-ABEF-B0F2372BF423}.Release|Any CPU.Build.0 = Release|Any CPU
		{677C9FB4-A509-4755-ABE3-E30D3A97CBB9}.Debug|Any CPU.ActiveCfg = Debug|Any CPU
		{677C9FB4-A509-4755-ABE3-E30D3A97CBB9}.Debug|Any CPU.Build.0 = Debug|Any CPU
		{677C9FB4-A509-4755-ABE3-E30D3A97CBB9}.Release|Any CPU.ActiveCfg = Release|Any CPU
		{677C9FB4-A509-4755-ABE3-E30D3A97CBB9}.Release|Any CPU.Build.0 = Release|Any CPU
		{8566EBC9-907F-4784-93DB-2537DFF6A6EF}.Debug|Any CPU.ActiveCfg = Debug|Any CPU
		{8566EBC9-907F-4784-93DB-2537DFF6A6EF}.Debug|Any CPU.Build.0 = Debug|Any CPU
		{8566EBC9-907F-4784-93DB-2537DFF6A6EF}.Release|Any CPU.ActiveCfg = Release|Any CPU
		{8566EBC9-907F-4784-93DB-2537DFF6A6EF}.Release|Any CPU.Build.0 = Release|Any CPU
		{459EE120-8ADF-47C4-9188-503BFEF2E3CC}.Debug|Any CPU.ActiveCfg = Debug|Any CPU
		{459EE120-8ADF-47C4-9188-503BFEF2E3CC}.Debug|Any CPU.Build.0 = Debug|Any CPU
		{459EE120-8ADF-47C4-9188-503BFEF2E3CC}.Release|Any CPU.ActiveCfg = Release|Any CPU
		{459EE120-8ADF-47C4-9188-503BFEF2E3CC}.Release|Any CPU.Build.0 = Release|Any CPU
		{C857C99B-F29D-418D-92A1-7AE1B806FDFC}.Debug|Any CPU.ActiveCfg = Debug|Any CPU
		{C857C99B-F29D-418D-92A1-7AE1B806FDFC}.Debug|Any CPU.Build.0 = Debug|Any CPU
		{C857C99B-F29D-418D-92A1-7AE1B806FDFC}.Release|Any CPU.ActiveCfg = Release|Any CPU
		{C857C99B-F29D-418D-92A1-7AE1B806FDFC}.Release|Any CPU.Build.0 = Release|Any CPU
		{A0841188-1498-4D46-9E07-832D64F305E2}.Debug|Any CPU.ActiveCfg = Debug|Any CPU
		{A0841188-1498-4D46-9E07-832D64F305E2}.Debug|Any CPU.Build.0 = Debug|Any CPU
		{A0841188-1498-4D46-9E07-832D64F305E2}.Release|Any CPU.ActiveCfg = Release|Any CPU
		{A0841188-1498-4D46-9E07-832D64F305E2}.Release|Any CPU.Build.0 = Release|Any CPU
		{9920AD09-8FFF-4DF4-9DCB-C71F428CDE8D}.Debug|Any CPU.ActiveCfg = Debug|Any CPU
		{9920AD09-8FFF-4DF4-9DCB-C71F428CDE8D}.Debug|Any CPU.Build.0 = Debug|Any CPU
		{9920AD09-8FFF-4DF4-9DCB-C71F428CDE8D}.Release|Any CPU.ActiveCfg = Release|Any CPU
		{9920AD09-8FFF-4DF4-9DCB-C71F428CDE8D}.Release|Any CPU.Build.0 = Release|Any CPU
		{6CF8990E-9301-4F52-97D4-3F790B33337E}.Debug|Any CPU.ActiveCfg = Debug|Any CPU
		{6CF8990E-9301-4F52-97D4-3F790B33337E}.Debug|Any CPU.Build.0 = Debug|Any CPU
		{6CF8990E-9301-4F52-97D4-3F790B33337E}.Release|Any CPU.ActiveCfg = Release|Any CPU
		{6CF8990E-9301-4F52-97D4-3F790B33337E}.Release|Any CPU.Build.0 = Release|Any CPU
		{F742AD55-079E-445B-947B-A475913EFA68}.Debug|Any CPU.ActiveCfg = Debug|Any CPU
		{F742AD55-079E-445B-947B-A475913EFA68}.Debug|Any CPU.Build.0 = Debug|Any CPU
		{F742AD55-079E-445B-947B-A475913EFA68}.Release|Any CPU.ActiveCfg = Release|Any CPU
		{F742AD55-079E-445B-947B-A475913EFA68}.Release|Any CPU.Build.0 = Release|Any CPU
		{DBE5283E-70FC-41BB-ACFE-DCCBA72F25B3}.Debug|Any CPU.ActiveCfg = Debug|Any CPU
		{DBE5283E-70FC-41BB-ACFE-DCCBA72F25B3}.Debug|Any CPU.Build.0 = Debug|Any CPU
		{DBE5283E-70FC-41BB-ACFE-DCCBA72F25B3}.Release|Any CPU.ActiveCfg = Release|Any CPU
		{DBE5283E-70FC-41BB-ACFE-DCCBA72F25B3}.Release|Any CPU.Build.0 = Release|Any CPU
		{6CDB5E06-994E-4142-9216-75396BFE42B1}.Debug|Any CPU.ActiveCfg = Debug|Any CPU
		{6CDB5E06-994E-4142-9216-75396BFE42B1}.Debug|Any CPU.Build.0 = Debug|Any CPU
		{6CDB5E06-994E-4142-9216-75396BFE42B1}.Release|Any CPU.ActiveCfg = Release|Any CPU
		{6CDB5E06-994E-4142-9216-75396BFE42B1}.Release|Any CPU.Build.0 = Release|Any CPU
		{3D022BAA-48C0-4D20-929C-8AF65D1371E6}.Debug|Any CPU.ActiveCfg = Debug|Any CPU
		{3D022BAA-48C0-4D20-929C-8AF65D1371E6}.Debug|Any CPU.Build.0 = Debug|Any CPU
		{3D022BAA-48C0-4D20-929C-8AF65D1371E6}.Release|Any CPU.ActiveCfg = Release|Any CPU
		{3D022BAA-48C0-4D20-929C-8AF65D1371E6}.Release|Any CPU.Build.0 = Release|Any CPU
		{DDA81D61-DE37-475D-8D0A-8E5C0427A609}.Debug|Any CPU.ActiveCfg = Debug|Any CPU
		{DDA81D61-DE37-475D-8D0A-8E5C0427A609}.Debug|Any CPU.Build.0 = Debug|Any CPU
		{DDA81D61-DE37-475D-8D0A-8E5C0427A609}.Release|Any CPU.ActiveCfg = Release|Any CPU
		{DDA81D61-DE37-475D-8D0A-8E5C0427A609}.Release|Any CPU.Build.0 = Release|Any CPU
		{78FED22D-8C48-462A-B460-BF69B983CE10}.Debug|Any CPU.ActiveCfg = Debug|Any CPU
		{78FED22D-8C48-462A-B460-BF69B983CE10}.Debug|Any CPU.Build.0 = Debug|Any CPU
		{78FED22D-8C48-462A-B460-BF69B983CE10}.Release|Any CPU.ActiveCfg = Release|Any CPU
		{78FED22D-8C48-462A-B460-BF69B983CE10}.Release|Any CPU.Build.0 = Release|Any CPU
		{CE36AF45-7134-457A-8BB7-EEDC462616BD}.Debug|Any CPU.ActiveCfg = Debug|Any CPU
		{CE36AF45-7134-457A-8BB7-EEDC462616BD}.Debug|Any CPU.Build.0 = Debug|Any CPU
		{CE36AF45-7134-457A-8BB7-EEDC462616BD}.Release|Any CPU.ActiveCfg = Release|Any CPU
		{CE36AF45-7134-457A-8BB7-EEDC462616BD}.Release|Any CPU.Build.0 = Release|Any CPU
		{63DA213F-D070-4AF3-BBAD-4692DA64A100}.Debug|Any CPU.ActiveCfg = Debug|Any CPU
		{63DA213F-D070-4AF3-BBAD-4692DA64A100}.Debug|Any CPU.Build.0 = Debug|Any CPU
		{63DA213F-D070-4AF3-BBAD-4692DA64A100}.Release|Any CPU.ActiveCfg = Release|Any CPU
		{63DA213F-D070-4AF3-BBAD-4692DA64A100}.Release|Any CPU.Build.0 = Release|Any CPU
		{9007F77F-1414-4619-9AC6-F85EC96B2450}.Debug|Any CPU.ActiveCfg = Debug|Any CPU
		{9007F77F-1414-4619-9AC6-F85EC96B2450}.Debug|Any CPU.Build.0 = Debug|Any CPU
		{9007F77F-1414-4619-9AC6-F85EC96B2450}.Release|Any CPU.ActiveCfg = Release|Any CPU
		{9007F77F-1414-4619-9AC6-F85EC96B2450}.Release|Any CPU.Build.0 = Release|Any CPU
		{FE35B64E-CC60-440E-B086-C36957F7D012}.Debug|Any CPU.ActiveCfg = Debug|Any CPU
		{FE35B64E-CC60-440E-B086-C36957F7D012}.Debug|Any CPU.Build.0 = Debug|Any CPU
		{FE35B64E-CC60-440E-B086-C36957F7D012}.Release|Any CPU.ActiveCfg = Release|Any CPU
		{FE35B64E-CC60-440E-B086-C36957F7D012}.Release|Any CPU.Build.0 = Release|Any CPU
		{0044B34B-BC2D-4996-92DE-FA36AC61130C}.Debug|Any CPU.ActiveCfg = Debug|Any CPU
		{0044B34B-BC2D-4996-92DE-FA36AC61130C}.Debug|Any CPU.Build.0 = Debug|Any CPU
		{0044B34B-BC2D-4996-92DE-FA36AC61130C}.Release|Any CPU.ActiveCfg = Release|Any CPU
		{0044B34B-BC2D-4996-92DE-FA36AC61130C}.Release|Any CPU.Build.0 = Release|Any CPU
		{8E8ADF32-BF8A-4480-8CFE-AFABE598685C}.Debug|Any CPU.ActiveCfg = Debug|Any CPU
		{8E8ADF32-BF8A-4480-8CFE-AFABE598685C}.Debug|Any CPU.Build.0 = Debug|Any CPU
		{8E8ADF32-BF8A-4480-8CFE-AFABE598685C}.Release|Any CPU.ActiveCfg = Release|Any CPU
		{8E8ADF32-BF8A-4480-8CFE-AFABE598685C}.Release|Any CPU.Build.0 = Release|Any CPU
		{6E5DB4F6-4298-4329-86BE-4E27F8FE295B}.Debug|Any CPU.ActiveCfg = Debug|Any CPU
		{6E5DB4F6-4298-4329-86BE-4E27F8FE295B}.Debug|Any CPU.Build.0 = Debug|Any CPU
		{6E5DB4F6-4298-4329-86BE-4E27F8FE295B}.Release|Any CPU.ActiveCfg = Release|Any CPU
		{6E5DB4F6-4298-4329-86BE-4E27F8FE295B}.Release|Any CPU.Build.0 = Release|Any CPU
		{7FD01485-4672-4E4B-B36E-EF8F45B8F918}.Debug|Any CPU.ActiveCfg = Debug|Any CPU
		{7FD01485-4672-4E4B-B36E-EF8F45B8F918}.Debug|Any CPU.Build.0 = Debug|Any CPU
		{7FD01485-4672-4E4B-B36E-EF8F45B8F918}.Release|Any CPU.ActiveCfg = Release|Any CPU
		{7FD01485-4672-4E4B-B36E-EF8F45B8F918}.Release|Any CPU.Build.0 = Release|Any CPU
		{0E60F427-BA58-4FAC-9D84-7D2BAAA0C68C}.Debug|Any CPU.ActiveCfg = Debug|Any CPU
		{0E60F427-BA58-4FAC-9D84-7D2BAAA0C68C}.Debug|Any CPU.Build.0 = Debug|Any CPU
		{0E60F427-BA58-4FAC-9D84-7D2BAAA0C68C}.Release|Any CPU.ActiveCfg = Release|Any CPU
		{0E60F427-BA58-4FAC-9D84-7D2BAAA0C68C}.Release|Any CPU.Build.0 = Release|Any CPU
		{AB008D23-C76A-425A-BB6B-873B68D8EB2B}.Debug|Any CPU.ActiveCfg = Debug|Any CPU
		{AB008D23-C76A-425A-BB6B-873B68D8EB2B}.Debug|Any CPU.Build.0 = Debug|Any CPU
		{AB008D23-C76A-425A-BB6B-873B68D8EB2B}.Release|Any CPU.ActiveCfg = Release|Any CPU
		{AB008D23-C76A-425A-BB6B-873B68D8EB2B}.Release|Any CPU.Build.0 = Release|Any CPU
		{795232F4-62B4-452E-8FE2-7757554BFBE7}.Debug|Any CPU.ActiveCfg = Debug|Any CPU
		{795232F4-62B4-452E-8FE2-7757554BFBE7}.Debug|Any CPU.Build.0 = Debug|Any CPU
		{795232F4-62B4-452E-8FE2-7757554BFBE7}.Release|Any CPU.ActiveCfg = Release|Any CPU
		{795232F4-62B4-452E-8FE2-7757554BFBE7}.Release|Any CPU.Build.0 = Release|Any CPU
		{CDAF1B29-BA52-4C42-8037-C4C60427A052}.Debug|Any CPU.ActiveCfg = Debug|Any CPU
		{CDAF1B29-BA52-4C42-8037-C4C60427A052}.Debug|Any CPU.Build.0 = Debug|Any CPU
		{CDAF1B29-BA52-4C42-8037-C4C60427A052}.Release|Any CPU.ActiveCfg = Release|Any CPU
		{CDAF1B29-BA52-4C42-8037-C4C60427A052}.Release|Any CPU.Build.0 = Release|Any CPU
		{C699EF97-9096-4A30-9E9B-EC41AD89713A}.Debug|Any CPU.ActiveCfg = Debug|Any CPU
		{C699EF97-9096-4A30-9E9B-EC41AD89713A}.Debug|Any CPU.Build.0 = Debug|Any CPU
		{C699EF97-9096-4A30-9E9B-EC41AD89713A}.Release|Any CPU.ActiveCfg = Release|Any CPU
		{C699EF97-9096-4A30-9E9B-EC41AD89713A}.Release|Any CPU.Build.0 = Release|Any CPU
		{07B7511F-B423-4A8D-93E1-4A43CAF941E1}.Debug|Any CPU.ActiveCfg = Debug|Any CPU
		{07B7511F-B423-4A8D-93E1-4A43CAF941E1}.Debug|Any CPU.Build.0 = Debug|Any CPU
		{07B7511F-B423-4A8D-93E1-4A43CAF941E1}.Release|Any CPU.ActiveCfg = Release|Any CPU
		{07B7511F-B423-4A8D-93E1-4A43CAF941E1}.Release|Any CPU.Build.0 = Release|Any CPU
		{C7F8C4E9-0B35-42A9-A501-3A0C9D18AB69}.Debug|Any CPU.ActiveCfg = Debug|Any CPU
		{C7F8C4E9-0B35-42A9-A501-3A0C9D18AB69}.Debug|Any CPU.Build.0 = Debug|Any CPU
		{C7F8C4E9-0B35-42A9-A501-3A0C9D18AB69}.Release|Any CPU.ActiveCfg = Release|Any CPU
		{C7F8C4E9-0B35-42A9-A501-3A0C9D18AB69}.Release|Any CPU.Build.0 = Release|Any CPU
		{72E42FBF-965B-49B9-8CB2-BFEF46372083}.Debug|Any CPU.ActiveCfg = Debug|Any CPU
		{72E42FBF-965B-49B9-8CB2-BFEF46372083}.Debug|Any CPU.Build.0 = Debug|Any CPU
		{72E42FBF-965B-49B9-8CB2-BFEF46372083}.Release|Any CPU.ActiveCfg = Release|Any CPU
		{72E42FBF-965B-49B9-8CB2-BFEF46372083}.Release|Any CPU.Build.0 = Release|Any CPU
		{D52497C1-2798-44A1-B0B8-B366596431BD}.Debug|Any CPU.ActiveCfg = Debug|Any CPU
		{D52497C1-2798-44A1-B0B8-B366596431BD}.Debug|Any CPU.Build.0 = Debug|Any CPU
		{D52497C1-2798-44A1-B0B8-B366596431BD}.Release|Any CPU.ActiveCfg = Release|Any CPU
		{D52497C1-2798-44A1-B0B8-B366596431BD}.Release|Any CPU.Build.0 = Release|Any CPU
	EndGlobalSection
	GlobalSection(SolutionProperties) = preSolution
		HideSolutionNode = FALSE
	EndGlobalSection
	GlobalSection(ExtensibilityGlobals) = postSolution
		SolutionGuid = {BB5A2BC2-40D8-40BD-8BE3-7D33B942D8AB}
	EndGlobalSection
EndGlobal
